{
  "requires": true,
  "lockfileVersion": 1,
  "dependencies": {
    "array-tools": {
      "version": "1.8.6",
      "resolved": "https://registry.npmjs.org/array-tools/-/array-tools-1.8.6.tgz",
      "integrity": "sha1-FFdx9/nJTpjMXqQZapm4MjruGK4=",
      "requires": {
        "object-tools": "^1.6.1",
        "typical": "^2.1"
      },
      "dependencies": {
        "typical": {
          "version": "2.6.1",
          "resolved": "https://registry.npmjs.org/typical/-/typical-2.6.1.tgz",
          "integrity": "sha1-XAgOXWYcu+OCWdLnCjxyU+hziB0="
        }
      }
    },
    "nature": {
      "version": "0.5.7",
      "resolved": "https://registry.npmjs.org/nature/-/nature-0.5.7.tgz",
      "integrity": "sha1-KrdUC6R0RhZawJU99g3ICBvpIjM=",
      "requires": {
        "array-tools": "^1.0.6",
        "object-tools": "^1.0.3",
        "typical": "^1.0.0"
      }
    },
    "object-tools": {
      "version": "1.6.7",
      "resolved": "https://registry.npmjs.org/object-tools/-/object-tools-1.6.7.tgz",
      "integrity": "sha1-UtQA/IdSUJk9u7O6KY18ebsGmNA=",
      "requires": {
        "array-tools": "^1.8.4",
        "typical": "^2.2"
      },
      "dependencies": {
        "typical": {
          "version": "2.6.1",
          "resolved": "https://registry.npmjs.org/typical/-/typical-2.6.1.tgz",
          "integrity": "sha1-XAgOXWYcu+OCWdLnCjxyU+hziB0="
        }
      }
    },
    "typical": {
      "version": "1.0.0",
      "resolved": "https://registry.npmjs.org/typical/-/typical-1.0.0.tgz",
      "integrity": "sha1-ICKvXxHnEV6WD4h8ngtosxPF1vA="
    }
  }
}
